
Microsoft Visual Studio Solution File, Format Version 12.00
# Visual Studio Version 17
VisualStudioVersion = 17.5.33516.290
MinimumVisualStudioVersion = 10.0.40219.1
Project("{FAE04EC0-301F-11D3-BF4B-00C04F79EFBC}") = "what28", "what28\what28.csproj", "{B101B670-F353-4A4A-92A4-489B7C3F97DB}"
EndProject
Global
	GlobalSection(SolutionConfigurationPlatforms) = preSolution
		Debug|Any CPU = Debug|Any CPU
		Release|Any CPU = Release|Any CPU
	EndGlobalSection
	GlobalSection(ProjectConfigurationPlatforms) = postSolution
		{B101B670-F353-4A4A-92A4-489B7C3F97DB}.Debug|Any CPU.ActiveCfg = Debug|Any CPU
		{B101B670-F353-4A4A-92A4-489B7C3F97DB}.Debug|Any CPU.Build.0 = Debug|Any CPU
		{B101B670-F353-4A4A-92A4-489B7C3F97DB}.Release|Any CPU.ActiveCfg = Release|Any CPU
		{B101B670-F353-4A4A-92A4-489B7C3F97DB}.Release|Any CPU.Build.0 = Release|Any CPU
	EndGlobalSection
	GlobalSection(SolutionProperties) = preSolution
		HideSolutionNode = FALSE
	EndGlobalSection
	GlobalSection(ExtensibilityGlobals) = postSolution
		SolutionGuid = {B53E90A0-2D47-4924-81BF-AF786406291B}
	EndGlobalSection
EndGlobal
